<?xml version="1.0" encoding="utf-8"?>
<Project ToolsVersion="4.0" xmlns="http://schemas.microsoft.com/developer/msbuild/2003">
  <ItemGroup>
    <Filter Include="Исходные файлы">
      <UniqueIdentifier>{4FC737F1-C7A5-4376-A066-2A32D752A2FF}</UniqueIdentifier>
      <Extensions>cpp;c;cc;cxx;def;odl;idl;hpj;bat;asm;asmx</Extensions>
    </Filter>
    <Filter Include="Файлы заголовков">
      <UniqueIdentifier>{93995380-89BD-4b04-88EB-625FBE52EBFB}</UniqueIdentifier>
      <Extensions>h;hh;hpp;hxx;hm;inl;inc;ipp;xsd</Extensions>
    </Filter>
    <Filter Include="Файлы ресурсов">
      <UniqueIdentifier>{67DA6AB6-F800-4c08-8B7A-83BB121AAD01}</UniqueIdentifier>
      <Extensions>rc;ico;cur;bmp;dlg;rc2;rct;bin;rgs;gif;jpg;jpeg;jpe;resx;tiff;tif;png;wav;mfcribbon-ms</Extensions>
    </Filter>
  </ItemGroup>
  <ItemGroup>
    <ClInclude Include="processor.hpp">
      <Filter>Файлы заголовков</Filter>
    </ClInclude>
    <ClInclude Include="control_device.hpp">
      <Filter>Файлы заголовков</Filter>
    </ClInclude>
    <ClInclude Include="programs_memory.hpp">
      <Filter>Файлы заголовков</Filter>
    </ClInclude>
    <ClInclude Include="execution_device.hpp">
      <Filter>Файлы заголовков</Filter>
    </ClInclude>
    <ClInclude Include="data_memory.hpp">
      <Filter>Файлы заголовков</Filter>
    </ClInclude>
    <ClInclude Include="registers_block.hpp">
      <Filter>Файлы заголовков</Filter>
    </ClInclude>
    <ClInclude Include="regist.hpp">
      <Filter>Файлы заголовков</Filter>
    </ClInclude>
    <ClInclude Include="command.hpp">
      <Filter>Файлы заголовков</Filter>
    </ClInclude>
    <ClInclude Include="goto.hpp">
      <Filter>Файлы заголовков</Filter>
    </ClInclude>
    <ClInclude Include="declarator.hpp">
      <Filter>Файлы заголовков</Filter>
    </ClInclude>
    <ClInclude Include="bin_cmd.hpp">
      <Filter>Файлы заголовков</Filter>
    </ClInclude>
    <ClInclude Include="uno_cmd.hpp">
      <Filter>Файлы заголовков</Filter>
    </ClInclude>
    <ClInclude Include="operation.hpp">
      <Filter>Файлы заголовков</Filter>
    </ClInclude>
    <ClInclude Include="add.hpp">
      <Filter>Файлы заголовков</Filter>
    </ClInclude>
    <ClInclude Include="sub.hpp">
      <Filter>Файлы заголовков</Filter>
    </ClInclude>
    <ClInclude Include="MULT.hpp">
      <Filter>Файлы заголовков</Filter>
    </ClInclude>
    <ClInclude Include="div.hpp">
      <Filter>Файлы заголовков</Filter>
    </ClInclude>
    <ClInclude Include="mod.hpp">
      <Filter>Файлы заголовков</Filter>
    </ClInclude>
    <ClInclude Include="eq.hpp">
      <Filter>Файлы заголовков</Filter>
    </ClInclude>
    <ClInclude Include="inv.h">
      <Filter>Файлы заголовков</Filter>
    </ClInclude>
    <ClInclude Include="PRINT.hpp">
      <Filter>Файлы заголовков</Filter>
    </ClInclude>
    <ClInclude Include="dec_op.hpp">
      <Filter>Файлы заголовков</Filter>
    </ClInclude>
    <ClInclude Include="if.hpp">
      <Filter>Файлы заголовков</Filter>
    </ClInclude>
    <ClInclude Include="if_op.hpp">
      <Filter>Файлы заголовков</Filter>
    </ClInclude>
    <ClInclude Include="sravnit.hpp">
      <Filter>Файлы заголовков</Filter>
    </ClInclude>
    <ClInclude Include="more.hpp">
      <Filter>Файлы заголовков</Filter>
    </ClInclude>
    <ClInclude Include="classes.h">
      <Filter>Файлы заголовков</Filter>
    </ClInclude>
    <ClInclude Include="del_op.hpp">
      <Filter>Файлы заголовков</Filter>
    </ClInclude>
    <ClInclude Include="read.hpp">
      <Filter>Файлы заголовков</Filter>
    </ClInclude>
    <ClInclude Include="read_op.hpp">
      <Filter>Файлы заголовков</Filter>
    </ClInclude>
    <ClInclude Include="vector.hpp">
      <Filter>Файлы заголовков</Filter>
    </ClInclude>
  </ItemGroup>
  <ItemGroup>
    <ClCompile Include="registers_block.cpp">
      <Filter>Исходные файлы</Filter>
    </ClCompile>
    <ClCompile Include="data_memory.cpp">
      <Filter>Исходные файлы</Filter>
    </ClCompile>
    <ClCompile Include="execution_device.cpp">
      <Filter>Исходные файлы</Filter>
    </ClCompile>
    <ClCompile Include="programs_memory.cpp">
      <Filter>Исходные файлы</Filter>
    </ClCompile>
    <ClCompile Include="control_device.cpp">
      <Filter>Исходные файлы</Filter>
    </ClCompile>
    <ClCompile Include="bin_cmd.cpp">
      <Filter>Исходные файлы</Filter>
    </ClCompile>
    <ClCompile Include="if_op.cpp">
      <Filter>Исходные файлы</Filter>
    </ClCompile>
    <ClCompile Include="driver.cpp">
      <Filter>Исходные файлы</Filter>
    </ClCompile>
    <ClCompile Include="operation.cpp">
      <Filter>Исходные файлы</Filter>
    </ClCompile>
    <ClCompile Include="command.cpp">
      <Filter>Исходные файлы</Filter>
    </ClCompile>
    <ClCompile Include="processor.cpp">
      <Filter>Исходные файлы</Filter>
    </ClCompile>
  </ItemGroup>
</Project>